
Microsoft Visual Studio Solution File, Format Version 12.00
# Visual Studio Express 2013 for Windows Desktop
VisualStudioVersion = 12.0.20827.3
MinimumVisualStudioVersion = 10.0.40219.1
Project("{8BC9CEB8-8B4A-11D0-8D11-00A0C91BC942}") = "assignment_1", "..\projects\assignment_1\scripts\assignment_1.vcxproj", "{5FECBEC2-A6E5-47B1-8722-052E2EA1C486}"
EndProject
Project("{8BC9CEB8-8B4A-11D0-8D11-00A0C91BC942}") = "assignment_1_tangram", "..\projects\assignment_1_tangram\scripts\assignment_1_tangram.vcxproj", "{EC8A6B64-E74E-42B5-91AC-E2AFCA5154DC}"
EndProject
Project("{8BC9CEB8-8B4A-11D0-8D11-00A0C91BC942}") = "assignment_2", "..\projects\assignment_2\scripts\assignment_2.vcxproj", "{E157EADA-A320-4E91-AD6B-093BA620BD6A}"
EndProject
Project("{8BC9CEB8-8B4A-11D0-8D11-00A0C91BC942}") = "assignment_3", "..\projects\assignment_3\scripts\assignment_3.vcxproj", "{05093FC8-9DDC-4082-B093-81B6F4EA93C7}"
EndProject
Global
	GlobalSection(SolutionConfigurationPlatforms) = preSolution
		Debug|Win32 = Debug|Win32
		Release|Win32 = Release|Win32
	EndGlobalSection
	GlobalSection(ProjectConfigurationPlatforms) = postSolution
		{5FECBEC2-A6E5-47B1-8722-052E2EA1C486}.Debug|Win32.ActiveCfg = Debug|Win32
		{5FECBEC2-A6E5-47B1-8722-052E2EA1C486}.Debug|Win32.Build.0 = Debug|Win32
		{5FECBEC2-A6E5-47B1-8722-052E2EA1C486}.Release|Win32.ActiveCfg = Release|Win32
		{5FECBEC2-A6E5-47B1-8722-052E2EA1C486}.Release|Win32.Build.0 = Release|Win32
		{EC8A6B64-E74E-42B5-91AC-E2AFCA5154DC}.Debug|Win32.ActiveCfg = Debug|Win32
		{EC8A6B64-E74E-42B5-91AC-E2AFCA5154DC}.Debug|Win32.Build.0 = Debug|Win32
		{EC8A6B64-E74E-42B5-91AC-E2AFCA5154DC}.Release|Win32.ActiveCfg = Release|Win32
		{EC8A6B64-E74E-42B5-91AC-E2AFCA5154DC}.Release|Win32.Build.0 = Release|Win32
		{E157EADA-A320-4E91-AD6B-093BA620BD6A}.Debug|Win32.ActiveCfg = Debug|Win32
		{E157EADA-A320-4E91-AD6B-093BA620BD6A}.Debug|Win32.Build.0 = Debug|Win32
		{E157EADA-A320-4E91-AD6B-093BA620BD6A}.Release|Win32.ActiveCfg = Release|Win32
		{E157EADA-A320-4E91-AD6B-093BA620BD6A}.Release|Win32.Build.0 = Release|Win32
		{05093FC8-9DDC-4082-B093-81B6F4EA93C7}.Debug|Win32.ActiveCfg = Debug|Win32
		{05093FC8-9DDC-4082-B093-81B6F4EA93C7}.Debug|Win32.Build.0 = Debug|Win32
		{05093FC8-9DDC-4082-B093-81B6F4EA93C7}.Release|Win32.ActiveCfg = Release|Win32
		{05093FC8-9DDC-4082-B093-81B6F4EA93C7}.Release|Win32.Build.0 = Release|Win32
	EndGlobalSection
	GlobalSection(SolutionProperties) = preSolution
		HideSolutionNode = FALSE
	EndGlobalSection
EndGlobal
